
Microsoft Visual Studio Solution File, Format Version 12.00
# Visual Studio Version 16
VisualStudioVersion = 16.0.30907.101
MinimumVisualStudioVersion = 10.0.40219.1
Project("{FAE04EC0-301F-11D3-BF4B-00C04F79EFBC}") = "ZeichnenInWpf", "ZeichnenInWpf\ZeichnenInWpf.csproj", "{7B57CFC4-D943-4CDE-862A-16288208C447}"
EndProject
Global
	GlobalSection(SolutionConfigurationPlatforms) = preSolution
		Debug|Any CPU = Debug|Any CPU
		Release|Any CPU = Release|Any CPU
	EndGlobalSection
	GlobalSection(ProjectConfigurationPlatforms) = postSolution
		{7B57CFC4-D943-4CDE-862A-16288208C447}.Debug|Any CPU.ActiveCfg = Debug|Any CPU
		{7B57CFC4-D943-4CDE-862A-16288208C447}.Debug|Any CPU.Build.0 = Debug|Any CPU
		{7B57CFC4-D943-4CDE-862A-16288208C447}.Release|Any CPU.ActiveCfg = Release|Any CPU
		{7B57CFC4-D943-4CDE-862A-16288208C447}.Release|Any CPU.Build.0 = Release|Any CPU
	EndGlobalSection
	GlobalSection(SolutionProperties) = preSolution
		HideSolutionNode = FALSE
	EndGlobalSection
	GlobalSection(ExtensibilityGlobals) = postSolution
		SolutionGuid = {C8B8F8BC-F629-44E8-9365-F5038480510C}
	EndGlobalSection
EndGlobal
