
Microsoft Visual Studio Solution File, Format Version 12.00
# Visual Studio Version 16
VisualStudioVersion = 16.0.30804.86
MinimumVisualStudioVersion = 10.0.40219.1
Project("{FAE04EC0-301F-11D3-BF4B-00C04F79EFBC}") = "TradingDayAnalyzerDal", "TradingDayAnalyzerDal\TradingDayAnalyzerDal.csproj", "{E29FB2F7-FF9C-419D-A2E7-EE5FC4533D3F}"
EndProject
Project("{FAE04EC0-301F-11D3-BF4B-00C04F79EFBC}") = "TradingDayDalUnitTests", "TradingDayDalUnitTests\TradingDayDalUnitTests.csproj", "{264AB42A-4912-4B50-A906-09465B8E560D}"
EndProject
Project("{FAE04EC0-301F-11D3-BF4B-00C04F79EFBC}") = "TradingDayAnalyzerUi", "TradingDayAnalyzerUi\TradingDayAnalyzerUi.csproj", "{63E23D3F-E696-4B13-98E4-2E7B30E6CC53}"
EndProject
Global
	GlobalSection(SolutionConfigurationPlatforms) = preSolution
		Debug|Any CPU = Debug|Any CPU
		Release|Any CPU = Release|Any CPU
	EndGlobalSection
	GlobalSection(ProjectConfigurationPlatforms) = postSolution
		{E29FB2F7-FF9C-419D-A2E7-EE5FC4533D3F}.Debug|Any CPU.ActiveCfg = Debug|Any CPU
		{E29FB2F7-FF9C-419D-A2E7-EE5FC4533D3F}.Debug|Any CPU.Build.0 = Debug|Any CPU
		{E29FB2F7-FF9C-419D-A2E7-EE5FC4533D3F}.Release|Any CPU.ActiveCfg = Release|Any CPU
		{E29FB2F7-FF9C-419D-A2E7-EE5FC4533D3F}.Release|Any CPU.Build.0 = Release|Any CPU
		{264AB42A-4912-4B50-A906-09465B8E560D}.Debug|Any CPU.ActiveCfg = Debug|Any CPU
		{264AB42A-4912-4B50-A906-09465B8E560D}.Debug|Any CPU.Build.0 = Debug|Any CPU
		{264AB42A-4912-4B50-A906-09465B8E560D}.Release|Any CPU.ActiveCfg = Release|Any CPU
		{264AB42A-4912-4B50-A906-09465B8E560D}.Release|Any CPU.Build.0 = Release|Any CPU
		{63E23D3F-E696-4B13-98E4-2E7B30E6CC53}.Debug|Any CPU.ActiveCfg = Debug|Any CPU
		{63E23D3F-E696-4B13-98E4-2E7B30E6CC53}.Debug|Any CPU.Build.0 = Debug|Any CPU
		{63E23D3F-E696-4B13-98E4-2E7B30E6CC53}.Release|Any CPU.ActiveCfg = Release|Any CPU
		{63E23D3F-E696-4B13-98E4-2E7B30E6CC53}.Release|Any CPU.Build.0 = Release|Any CPU
	EndGlobalSection
	GlobalSection(SolutionProperties) = preSolution
		HideSolutionNode = FALSE
	EndGlobalSection
	GlobalSection(ExtensibilityGlobals) = postSolution
		SolutionGuid = {31EAACC0-6D02-470B-9916-AC34000E17B9}
	EndGlobalSection
EndGlobal
